
Microsoft Visual Studio Solution File, Format Version 12.00
# Visual Studio Version 16
VisualStudioVersion = 16.0.32901.82
MinimumVisualStudioVersion = 10.0.40219.1
Project("{FAE04EC0-301F-11D3-BF4B-00C04F79EFBC}") = "AbstractClasses", "AbstractClasses\AbstractClasses.csproj", "{B40491AB-9361-4859-8D7E-78ABB523DBDB}"
EndProject
Global
	GlobalSection(SolutionConfigurationPlatforms) = preSolution
		Debug|Any CPU = Debug|Any CPU
		Release|Any CPU = Release|Any CPU
	EndGlobalSection
	GlobalSection(ProjectConfigurationPlatforms) = postSolution
		{B40491AB-9361-4859-8D7E-78ABB523DBDB}.Debug|Any CPU.ActiveCfg = Debug|Any CPU
		{B40491AB-9361-4859-8D7E-78ABB523DBDB}.Debug|Any CPU.Build.0 = Debug|Any CPU
		{B40491AB-9361-4859-8D7E-78ABB523DBDB}.Release|Any CPU.ActiveCfg = Release|Any CPU
		{B40491AB-9361-4859-8D7E-78ABB523DBDB}.Release|Any CPU.Build.0 = Release|Any CPU
	EndGlobalSection
	GlobalSection(SolutionProperties) = preSolution
		HideSolutionNode = FALSE
	EndGlobalSection
	GlobalSection(ExtensibilityGlobals) = postSolution
		SolutionGuid = {74872CEE-3E00-4C18-AE80-44F8EA2E1E70}
	EndGlobalSection
EndGlobal
