
Microsoft Visual Studio Solution File, Format Version 12.00
# Visual Studio Version 16
VisualStudioVersion = 16.0.32901.82
MinimumVisualStudioVersion = 10.0.40219.1
Project("{FAE04EC0-301F-11D3-BF4B-00C04F79EFBC}") = "InheritanceOfObjects", "InheritanceOfObjects\InheritanceOfObjects.csproj", "{11DB0B92-7CFA-46BB-B9AC-801A6C523DC8}"
EndProject
Global
	GlobalSection(SolutionConfigurationPlatforms) = preSolution
		Debug|Any CPU = Debug|Any CPU
		Release|Any CPU = Release|Any CPU
	EndGlobalSection
	GlobalSection(ProjectConfigurationPlatforms) = postSolution
		{11DB0B92-7CFA-46BB-B9AC-801A6C523DC8}.Debug|Any CPU.ActiveCfg = Debug|Any CPU
		{11DB0B92-7CFA-46BB-B9AC-801A6C523DC8}.Debug|Any CPU.Build.0 = Debug|Any CPU
		{11DB0B92-7CFA-46BB-B9AC-801A6C523DC8}.Release|Any CPU.ActiveCfg = Release|Any CPU
		{11DB0B92-7CFA-46BB-B9AC-801A6C523DC8}.Release|Any CPU.Build.0 = Release|Any CPU
	EndGlobalSection
	GlobalSection(SolutionProperties) = preSolution
		HideSolutionNode = FALSE
	EndGlobalSection
	GlobalSection(ExtensibilityGlobals) = postSolution
		SolutionGuid = {564614C6-DF69-4A94-98E1-C918F4DEBFD2}
	EndGlobalSection
EndGlobal
