
Microsoft Visual Studio Solution File, Format Version 12.00
# Visual Studio Version 16
VisualStudioVersion = 16.0.32901.82
MinimumVisualStudioVersion = 10.0.40219.1
Project("{FAE04EC0-301F-11D3-BF4B-00C04F79EFBC}") = "Arrays", "Arrays\Arrays.csproj", "{D9B24961-FD8F-4CD5-B73F-B70BF0BB22EE}"
EndProject
Global
	GlobalSection(SolutionConfigurationPlatforms) = preSolution
		Debug|Any CPU = Debug|Any CPU
		Release|Any CPU = Release|Any CPU
	EndGlobalSection
	GlobalSection(ProjectConfigurationPlatforms) = postSolution
		{D9B24961-FD8F-4CD5-B73F-B70BF0BB22EE}.Debug|Any CPU.ActiveCfg = Debug|Any CPU
		{D9B24961-FD8F-4CD5-B73F-B70BF0BB22EE}.Debug|Any CPU.Build.0 = Debug|Any CPU
		{D9B24961-FD8F-4CD5-B73F-B70BF0BB22EE}.Release|Any CPU.ActiveCfg = Release|Any CPU
		{D9B24961-FD8F-4CD5-B73F-B70BF0BB22EE}.Release|Any CPU.Build.0 = Release|Any CPU
	EndGlobalSection
	GlobalSection(SolutionProperties) = preSolution
		HideSolutionNode = FALSE
	EndGlobalSection
	GlobalSection(ExtensibilityGlobals) = postSolution
		SolutionGuid = {6F20ABD5-E4BB-4092-82F6-72645F227263}
	EndGlobalSection
EndGlobal
