
Microsoft Visual Studio Solution File, Format Version 12.00
# Visual Studio Version 16
VisualStudioVersion = 16.0.32901.82
MinimumVisualStudioVersion = 10.0.40219.1
Project("{FAE04EC0-301F-11D3-BF4B-00C04F79EFBC}") = "WebApi", "WebApi\WebApi.csproj", "{65A62009-0192-4420-B93D-943BE11F88EF}"
EndProject
Global
	GlobalSection(SolutionConfigurationPlatforms) = preSolution
		Debug|Any CPU = Debug|Any CPU
		Release|Any CPU = Release|Any CPU
	EndGlobalSection
	GlobalSection(ProjectConfigurationPlatforms) = postSolution
		{65A62009-0192-4420-B93D-943BE11F88EF}.Debug|Any CPU.ActiveCfg = Debug|Any CPU
		{65A62009-0192-4420-B93D-943BE11F88EF}.Debug|Any CPU.Build.0 = Debug|Any CPU
		{65A62009-0192-4420-B93D-943BE11F88EF}.Release|Any CPU.ActiveCfg = Release|Any CPU
		{65A62009-0192-4420-B93D-943BE11F88EF}.Release|Any CPU.Build.0 = Release|Any CPU
	EndGlobalSection
	GlobalSection(SolutionProperties) = preSolution
		HideSolutionNode = FALSE
	EndGlobalSection
	GlobalSection(ExtensibilityGlobals) = postSolution
		SolutionGuid = {0DD4E09F-8BCC-4218-BEC4-B807183030D3}
	EndGlobalSection
EndGlobal
