
Microsoft Visual Studio Solution File, Format Version 12.00
# Visual Studio Version 16
VisualStudioVersion = 16.0.32901.82
MinimumVisualStudioVersion = 10.0.40219.1
Project("{FAE04EC0-301F-11D3-BF4B-00C04F79EFBC}") = "task1", "task1\task1.csproj", "{961E6A19-5B47-4533-A0B8-C6AC67FB9BAA}"
EndProject
Global
	GlobalSection(SolutionConfigurationPlatforms) = preSolution
		Debug|Any CPU = Debug|Any CPU
		Release|Any CPU = Release|Any CPU
	EndGlobalSection
	GlobalSection(ProjectConfigurationPlatforms) = postSolution
		{961E6A19-5B47-4533-A0B8-C6AC67FB9BAA}.Debug|Any CPU.ActiveCfg = Debug|Any CPU
		{961E6A19-5B47-4533-A0B8-C6AC67FB9BAA}.Debug|Any CPU.Build.0 = Debug|Any CPU
		{961E6A19-5B47-4533-A0B8-C6AC67FB9BAA}.Release|Any CPU.ActiveCfg = Release|Any CPU
		{961E6A19-5B47-4533-A0B8-C6AC67FB9BAA}.Release|Any CPU.Build.0 = Release|Any CPU
	EndGlobalSection
	GlobalSection(SolutionProperties) = preSolution
		HideSolutionNode = FALSE
	EndGlobalSection
	GlobalSection(ExtensibilityGlobals) = postSolution
		SolutionGuid = {71CC921E-74B3-4442-AADB-4CD7AF077A78}
	EndGlobalSection
EndGlobal
